
Microsoft Visual Studio Solution File, Format Version 12.00
# Visual Studio Version 16
VisualStudioVersion = 16.0.32901.82
MinimumVisualStudioVersion = 10.0.40219.1
Project("{FAE04EC0-301F-11D3-BF4B-00C04F79EFBC}") = "ElektronskiRecnik", "ElektronskiRecnik\ElektronskiRecnik.csproj", "{A6A8E45A-5F70-4E83-A7EB-955E1FF7037E}"
EndProject
Global
	GlobalSection(SolutionConfigurationPlatforms) = preSolution
		Debug|Any CPU = Debug|Any CPU
		Release|Any CPU = Release|Any CPU
	EndGlobalSection
	GlobalSection(ProjectConfigurationPlatforms) = postSolution
		{A6A8E45A-5F70-4E83-A7EB-955E1FF7037E}.Debug|Any CPU.ActiveCfg = Debug|Any CPU
		{A6A8E45A-5F70-4E83-A7EB-955E1FF7037E}.Debug|Any CPU.Build.0 = Debug|Any CPU
		{A6A8E45A-5F70-4E83-A7EB-955E1FF7037E}.Release|Any CPU.ActiveCfg = Release|Any CPU
		{A6A8E45A-5F70-4E83-A7EB-955E1FF7037E}.Release|Any CPU.Build.0 = Release|Any CPU
	EndGlobalSection
	GlobalSection(SolutionProperties) = preSolution
		HideSolutionNode = FALSE
	EndGlobalSection
	GlobalSection(ExtensibilityGlobals) = postSolution
		SolutionGuid = {FB91BA24-6A51-4C10-9098-38F4FD764C29}
	EndGlobalSection
EndGlobal
